
Microsoft Visual Studio Solution File, Format Version 12.00
# Visual Studio Version 17
VisualStudioVersion = 17.7.34003.232
MinimumVisualStudioVersion = 10.0.40219.1
Project("{9A19103F-16F7-4668-BE54-9A1E7A4F7556}") = "ArtWork", "dev\ArtWork.csproj", "{78C4A0A2-AF44-415C-9173-4815BA53D7B2}"
EndProject
Project("{2150E333-8FDC-42A3-9474-1A3956D46DE8}") = "Solution Items", "Solution Items", "{6C55AB28-51E0-42D1-810C-3977B13FA8EE}"
	ProjectSection(SolutionItems) = preProject
		.editorconfig = .editorconfig
		.gitattributes = .gitattributes
		.gitignore = .gitignore
		LICENSE = LICENSE
		README.md = README.md
	EndProjectSection
EndProject
Project("{2150E333-8FDC-42A3-9474-1A3956D46DE8}") = "Workflows", "Workflows", "{387D2E77-AEA9-4055-97C9-7DB239600902}"
	ProjectSection(SolutionItems) = preProject
		.github\workflows\Publish.yml = .github\workflows\Publish.yml
	EndProjectSection
EndProject
Global
	GlobalSection(SolutionConfigurationPlatforms) = preSolution
		Debug|ARM64 = Debug|ARM64
		Debug|x64 = Debug|x64
		Debug|x86 = Debug|x86
		Release|ARM64 = Release|ARM64
		Release|x64 = Release|x64
		Release|x86 = Release|x86
	EndGlobalSection
	GlobalSection(ProjectConfigurationPlatforms) = postSolution
		{78C4A0A2-AF44-415C-9173-4815BA53D7B2}.Debug|ARM64.ActiveCfg = Debug|ARM64
		{78C4A0A2-AF44-415C-9173-4815BA53D7B2}.Debug|ARM64.Build.0 = Debug|ARM64
		{78C4A0A2-AF44-415C-9173-4815BA53D7B2}.Debug|ARM64.Deploy.0 = Debug|ARM64
		{78C4A0A2-AF44-415C-9173-4815BA53D7B2}.Debug|x64.ActiveCfg = Debug|x64
		{78C4A0A2-AF44-415C-9173-4815BA53D7B2}.Debug|x64.Build.0 = Debug|x64
		{78C4A0A2-AF44-415C-9173-4815BA53D7B2}.Debug|x64.Deploy.0 = Debug|x64
		{78C4A0A2-AF44-415C-9173-4815BA53D7B2}.Debug|x86.ActiveCfg = Debug|x86
		{78C4A0A2-AF44-415C-9173-4815BA53D7B2}.Debug|x86.Build.0 = Debug|x86
		{78C4A0A2-AF44-415C-9173-4815BA53D7B2}.Debug|x86.Deploy.0 = Debug|x86
		{78C4A0A2-AF44-415C-9173-4815BA53D7B2}.Release|ARM64.ActiveCfg = Release|ARM64
		{78C4A0A2-AF44-415C-9173-4815BA53D7B2}.Release|ARM64.Build.0 = Release|ARM64
		{78C4A0A2-AF44-415C-9173-4815BA53D7B2}.Release|ARM64.Deploy.0 = Release|ARM64
		{78C4A0A2-AF44-415C-9173-4815BA53D7B2}.Release|x64.ActiveCfg = Release|x64
		{78C4A0A2-AF44-415C-9173-4815BA53D7B2}.Release|x64.Build.0 = Release|x64
		{78C4A0A2-AF44-415C-9173-4815BA53D7B2}.Release|x64.Deploy.0 = Release|x64
		{78C4A0A2-AF44-415C-9173-4815BA53D7B2}.Release|x86.ActiveCfg = Release|x86
		{78C4A0A2-AF44-415C-9173-4815BA53D7B2}.Release|x86.Build.0 = Release|x86
		{78C4A0A2-AF44-415C-9173-4815BA53D7B2}.Release|x86.Deploy.0 = Release|x86
	EndGlobalSection
	GlobalSection(SolutionProperties) = preSolution
		HideSolutionNode = FALSE
	EndGlobalSection
	GlobalSection(ExtensibilityGlobals) = postSolution
		SolutionGuid = {800D5BD0-567F-46EE-984C-F9548C3ADAB8}
	EndGlobalSection
EndGlobal
