
Microsoft Visual Studio Solution File, Format Version 12.00
# Visual Studio Version 16
VisualStudioVersion = 16.0.28516.95
MinimumVisualStudioVersion = 10.0.40219.1
Project("{FAE04EC0-301F-11D3-BF4B-00C04F79EFBC}") = "ArtWork", "ArtWork\ArtWork.csproj", "{D39012EF-8CBF-4B66-8A2D-51D0E02DBECA}"
EndProject
Project("{FAE04EC0-301F-11D3-BF4B-00C04F79EFBC}") = "HandyControl", "HandyControl\HandyControl.csproj", "{DC966E3D-BCFF-4652-98CF-070E5494749A}"
EndProject
Global
	GlobalSection(SolutionConfigurationPlatforms) = preSolution
		Debug|Any CPU = Debug|Any CPU
		Debug|x86 = Debug|x86
		Debug-Net45|Any CPU = Debug-Net45|Any CPU
		Debug-Net45|x86 = Debug-Net45|x86
		Debug-Net462|Any CPU = Debug-Net462|Any CPU
		Debug-Net462|x86 = Debug-Net462|x86
		Debug-Net47|Any CPU = Debug-Net47|Any CPU
		Debug-Net47|x86 = Debug-Net47|x86
		Release|Any CPU = Release|Any CPU
		Release|x86 = Release|x86
		Release-Net45|Any CPU = Release-Net45|Any CPU
		Release-Net45|x86 = Release-Net45|x86
		Release-Net462|Any CPU = Release-Net462|Any CPU
		Release-Net462|x86 = Release-Net462|x86
		Release-Net47|Any CPU = Release-Net47|Any CPU
		Release-Net47|x86 = Release-Net47|x86
	EndGlobalSection
	GlobalSection(ProjectConfigurationPlatforms) = postSolution
		{D39012EF-8CBF-4B66-8A2D-51D0E02DBECA}.Debug|Any CPU.ActiveCfg = Debug|Any CPU
		{D39012EF-8CBF-4B66-8A2D-51D0E02DBECA}.Debug|Any CPU.Build.0 = Debug|Any CPU
		{D39012EF-8CBF-4B66-8A2D-51D0E02DBECA}.Debug|x86.ActiveCfg = Debug|Any CPU
		{D39012EF-8CBF-4B66-8A2D-51D0E02DBECA}.Debug|x86.Build.0 = Debug|Any CPU
		{D39012EF-8CBF-4B66-8A2D-51D0E02DBECA}.Debug-Net45|Any CPU.ActiveCfg = Debug|Any CPU
		{D39012EF-8CBF-4B66-8A2D-51D0E02DBECA}.Debug-Net45|Any CPU.Build.0 = Debug|Any CPU
		{D39012EF-8CBF-4B66-8A2D-51D0E02DBECA}.Debug-Net45|x86.ActiveCfg = Debug|Any CPU
		{D39012EF-8CBF-4B66-8A2D-51D0E02DBECA}.Debug-Net45|x86.Build.0 = Debug|Any CPU
		{D39012EF-8CBF-4B66-8A2D-51D0E02DBECA}.Debug-Net462|Any CPU.ActiveCfg = Debug|Any CPU
		{D39012EF-8CBF-4B66-8A2D-51D0E02DBECA}.Debug-Net462|Any CPU.Build.0 = Debug|Any CPU
		{D39012EF-8CBF-4B66-8A2D-51D0E02DBECA}.Debug-Net462|x86.ActiveCfg = Debug|Any CPU
		{D39012EF-8CBF-4B66-8A2D-51D0E02DBECA}.Debug-Net462|x86.Build.0 = Debug|Any CPU
		{D39012EF-8CBF-4B66-8A2D-51D0E02DBECA}.Debug-Net47|Any CPU.ActiveCfg = Debug|Any CPU
		{D39012EF-8CBF-4B66-8A2D-51D0E02DBECA}.Debug-Net47|Any CPU.Build.0 = Debug|Any CPU
		{D39012EF-8CBF-4B66-8A2D-51D0E02DBECA}.Debug-Net47|x86.ActiveCfg = Debug|Any CPU
		{D39012EF-8CBF-4B66-8A2D-51D0E02DBECA}.Debug-Net47|x86.Build.0 = Debug|Any CPU
		{D39012EF-8CBF-4B66-8A2D-51D0E02DBECA}.Release|Any CPU.ActiveCfg = Release|Any CPU
		{D39012EF-8CBF-4B66-8A2D-51D0E02DBECA}.Release|Any CPU.Build.0 = Release|Any CPU
		{D39012EF-8CBF-4B66-8A2D-51D0E02DBECA}.Release|x86.ActiveCfg = Release|Any CPU
		{D39012EF-8CBF-4B66-8A2D-51D0E02DBECA}.Release|x86.Build.0 = Release|Any CPU
		{D39012EF-8CBF-4B66-8A2D-51D0E02DBECA}.Release-Net45|Any CPU.ActiveCfg = Release|Any CPU
		{D39012EF-8CBF-4B66-8A2D-51D0E02DBECA}.Release-Net45|Any CPU.Build.0 = Release|Any CPU
		{D39012EF-8CBF-4B66-8A2D-51D0E02DBECA}.Release-Net45|x86.ActiveCfg = Release|Any CPU
		{D39012EF-8CBF-4B66-8A2D-51D0E02DBECA}.Release-Net45|x86.Build.0 = Release|Any CPU
		{D39012EF-8CBF-4B66-8A2D-51D0E02DBECA}.Release-Net462|Any CPU.ActiveCfg = Release|Any CPU
		{D39012EF-8CBF-4B66-8A2D-51D0E02DBECA}.Release-Net462|Any CPU.Build.0 = Release|Any CPU
		{D39012EF-8CBF-4B66-8A2D-51D0E02DBECA}.Release-Net462|x86.ActiveCfg = Release|Any CPU
		{D39012EF-8CBF-4B66-8A2D-51D0E02DBECA}.Release-Net462|x86.Build.0 = Release|Any CPU
		{D39012EF-8CBF-4B66-8A2D-51D0E02DBECA}.Release-Net47|Any CPU.ActiveCfg = Release|Any CPU
		{D39012EF-8CBF-4B66-8A2D-51D0E02DBECA}.Release-Net47|Any CPU.Build.0 = Release|Any CPU
		{D39012EF-8CBF-4B66-8A2D-51D0E02DBECA}.Release-Net47|x86.ActiveCfg = Release|Any CPU
		{D39012EF-8CBF-4B66-8A2D-51D0E02DBECA}.Release-Net47|x86.Build.0 = Release|Any CPU
		{DC966E3D-BCFF-4652-98CF-070E5494749A}.Debug|Any CPU.ActiveCfg = Debug-Net45|Any CPU
		{DC966E3D-BCFF-4652-98CF-070E5494749A}.Debug|Any CPU.Build.0 = Debug-Net45|Any CPU
		{DC966E3D-BCFF-4652-98CF-070E5494749A}.Debug|x86.ActiveCfg = Debug-Net45|Any CPU
		{DC966E3D-BCFF-4652-98CF-070E5494749A}.Debug|x86.Build.0 = Debug-Net45|Any CPU
		{DC966E3D-BCFF-4652-98CF-070E5494749A}.Debug-Net45|Any CPU.ActiveCfg = Debug-Net45|Any CPU
		{DC966E3D-BCFF-4652-98CF-070E5494749A}.Debug-Net45|Any CPU.Build.0 = Debug-Net45|Any CPU
		{DC966E3D-BCFF-4652-98CF-070E5494749A}.Debug-Net45|x86.ActiveCfg = Debug-Net45|Any CPU
		{DC966E3D-BCFF-4652-98CF-070E5494749A}.Debug-Net45|x86.Build.0 = Debug-Net45|Any CPU
		{DC966E3D-BCFF-4652-98CF-070E5494749A}.Debug-Net462|Any CPU.ActiveCfg = Debug-Net462|Any CPU
		{DC966E3D-BCFF-4652-98CF-070E5494749A}.Debug-Net462|Any CPU.Build.0 = Debug-Net462|Any CPU
		{DC966E3D-BCFF-4652-98CF-070E5494749A}.Debug-Net462|x86.ActiveCfg = Debug-Net462|Any CPU
		{DC966E3D-BCFF-4652-98CF-070E5494749A}.Debug-Net462|x86.Build.0 = Debug-Net462|Any CPU
		{DC966E3D-BCFF-4652-98CF-070E5494749A}.Debug-Net47|Any CPU.ActiveCfg = Debug-Net47|Any CPU
		{DC966E3D-BCFF-4652-98CF-070E5494749A}.Debug-Net47|Any CPU.Build.0 = Debug-Net47|Any CPU
		{DC966E3D-BCFF-4652-98CF-070E5494749A}.Debug-Net47|x86.ActiveCfg = Debug-Net47|Any CPU
		{DC966E3D-BCFF-4652-98CF-070E5494749A}.Debug-Net47|x86.Build.0 = Debug-Net47|Any CPU
		{DC966E3D-BCFF-4652-98CF-070E5494749A}.Release|Any CPU.ActiveCfg = Release-Net45|Any CPU
		{DC966E3D-BCFF-4652-98CF-070E5494749A}.Release|Any CPU.Build.0 = Release-Net45|Any CPU
		{DC966E3D-BCFF-4652-98CF-070E5494749A}.Release|x86.ActiveCfg = Release-Net45|Any CPU
		{DC966E3D-BCFF-4652-98CF-070E5494749A}.Release|x86.Build.0 = Release-Net45|Any CPU
		{DC966E3D-BCFF-4652-98CF-070E5494749A}.Release-Net45|Any CPU.ActiveCfg = Release-Net45|Any CPU
		{DC966E3D-BCFF-4652-98CF-070E5494749A}.Release-Net45|Any CPU.Build.0 = Release-Net45|Any CPU
		{DC966E3D-BCFF-4652-98CF-070E5494749A}.Release-Net45|x86.ActiveCfg = Release-Net45|Any CPU
		{DC966E3D-BCFF-4652-98CF-070E5494749A}.Release-Net45|x86.Build.0 = Release-Net45|Any CPU
		{DC966E3D-BCFF-4652-98CF-070E5494749A}.Release-Net462|Any CPU.ActiveCfg = Release-Net462|Any CPU
		{DC966E3D-BCFF-4652-98CF-070E5494749A}.Release-Net462|Any CPU.Build.0 = Release-Net462|Any CPU
		{DC966E3D-BCFF-4652-98CF-070E5494749A}.Release-Net462|x86.ActiveCfg = Release-Net462|Any CPU
		{DC966E3D-BCFF-4652-98CF-070E5494749A}.Release-Net462|x86.Build.0 = Release-Net462|Any CPU
		{DC966E3D-BCFF-4652-98CF-070E5494749A}.Release-Net47|Any CPU.ActiveCfg = Release-Net47|Any CPU
		{DC966E3D-BCFF-4652-98CF-070E5494749A}.Release-Net47|Any CPU.Build.0 = Release-Net47|Any CPU
		{DC966E3D-BCFF-4652-98CF-070E5494749A}.Release-Net47|x86.ActiveCfg = Release-Net47|Any CPU
		{DC966E3D-BCFF-4652-98CF-070E5494749A}.Release-Net47|x86.Build.0 = Release-Net47|Any CPU
	EndGlobalSection
	GlobalSection(SolutionProperties) = preSolution
		HideSolutionNode = FALSE
	EndGlobalSection
	GlobalSection(ExtensibilityGlobals) = postSolution
		SolutionGuid = {A02C1B94-2EAB-4192-9602-2202ABBB4FD7}
	EndGlobalSection
EndGlobal
